
Microsoft Visual Studio Solution File, Format Version 12.00
# Visual Studio Version 17
VisualStudioVersion = 17.8.34316.72
MinimumVisualStudioVersion = 10.0.40219.1
Project("{FAE04EC0-301F-11D3-BF4B-00C04F79EFBC}") = "CurrencyService", "CurrencyService\CurrencyService.csproj", "{F38F16DC-BEBE-451F-AB9E-F43A43D2CD5D}"
EndProject
Project("{FAE04EC0-301F-11D3-BF4B-00C04F79EFBC}") = "CurrencyService.Tests.Unit", "CurrencyService.Tests.Unit\CurrencyService.Tests.Unit.csproj", "{29694586-056A-4F69-9893-E3D03BD6817F}"
EndProject
Global
	GlobalSection(SolutionConfigurationPlatforms) = preSolution
		Debug|Any CPU = Debug|Any CPU
		Release|Any CPU = Release|Any CPU
	EndGlobalSection
	GlobalSection(ProjectConfigurationPlatforms) = postSolution
		{F38F16DC-BEBE-451F-AB9E-F43A43D2CD5D}.Debug|Any CPU.ActiveCfg = Debug|Any CPU
		{F38F16DC-BEBE-451F-AB9E-F43A43D2CD5D}.Debug|Any CPU.Build.0 = Debug|Any CPU
		{F38F16DC-BEBE-451F-AB9E-F43A43D2CD5D}.Release|Any CPU.ActiveCfg = Release|Any CPU
		{F38F16DC-BEBE-451F-AB9E-F43A43D2CD5D}.Release|Any CPU.Build.0 = Release|Any CPU
		{29694586-056A-4F69-9893-E3D03BD6817F}.Debug|Any CPU.ActiveCfg = Debug|Any CPU
		{29694586-056A-4F69-9893-E3D03BD6817F}.Debug|Any CPU.Build.0 = Debug|Any CPU
		{29694586-056A-4F69-9893-E3D03BD6817F}.Release|Any CPU.ActiveCfg = Release|Any CPU
		{29694586-056A-4F69-9893-E3D03BD6817F}.Release|Any CPU.Build.0 = Release|Any CPU
	EndGlobalSection
	GlobalSection(SolutionProperties) = preSolution
		HideSolutionNode = FALSE
	EndGlobalSection
	GlobalSection(ExtensibilityGlobals) = postSolution
		SolutionGuid = {4599DA2E-C8A1-4621-9714-C43C41B48957}
	EndGlobalSection
EndGlobal
